{
  "name": "roguedungeon",
  "version": "1.0.0",
  "lockfileVersion": 3,
  "requires": true,
  "packages": {
    "": {
      "name": "roguedungeon",
      "version": "1.0.0",
      "license": "ISC",
      "dependencies": {
        "node-unrar-js": "^2.0.2",
        "playwright": "^1.58.2",
        "pngjs": "^7.0.0",
        "w3x-parser": "^2.0.0",
        "war3-model": "^4.0.0"
      }
    },
    "node_modules/@webgpu/types": {
      "version": "0.1.60",
      "resolved": "https://registry.npmjs.org/@webgpu/types/-/types-0.1.60.tgz",
      "integrity": "sha512-8B/tdfRFKdrnejqmvq95ogp8tf52oZ51p3f4QD5m5Paey/qlX4Rhhy5Y8tgFMi7Ms70HzcMMw3EQjH/jdhTwlA==",
      "license": "BSD-3-Clause"
    },
    "node_modules/fsevents": {
      "version": "2.3.2",
      "resolved": "https://registry.npm.wps.cn/fsevents/download/fsevents-2.3.2.tgz",
      "integrity": "sha1-ilJveLj99GI7cJ4Ll1xSwkwC/Ro=",
      "hasInstallScript": true,
      "license": "MIT",
      "optional": true,
      "os": [
        "darwin"
      ],
      "engines": {
        "node": "^8.16.0 || ^10.6.0 || >=11.0.0"
      }
    },
    "node_modules/gl-matrix": {
      "version": "3.3.0",
      "resolved": "https://registry.npmjs.org/gl-matrix/-/gl-matrix-3.3.0.tgz",
      "integrity": "sha512-COb7LDz+SXaHtl/h4LeaFcNdJdAQSDeVqjiIihSXNrkWObZLhDI4hIkZC11Aeqp7bcE72clzB0BnDXr2SmslRA==",
      "license": "MIT"
    },
    "node_modules/node-unrar-js": {
      "version": "2.0.2",
      "resolved": "https://registry.npm.wps.cn/node-unrar-js/download/node-unrar-js-2.0.2.tgz",
      "integrity": "sha1-A+9gIFJJcmO5rtj/Hnr7MVAk+ew=",
      "license": "MIT",
      "engines": {
        "node": ">=10.0.0"
      }
    },
    "node_modules/playwright": {
      "version": "1.58.2",
      "resolved": "https://registry.npm.wps.cn/playwright/download/playwright-1.58.2.tgz",
      "integrity": "sha1-r+VHFkU5sLz8t5lXOUp6P6hoPP0=",
      "license": "Apache-2.0",
      "dependencies": {
        "playwright-core": "1.58.2"
      },
      "bin": {
        "playwright": "cli.js"
      },
      "engines": {
        "node": ">=18"
      },
      "optionalDependencies": {
        "fsevents": "2.3.2"
      }
    },
    "node_modules/playwright-core": {
      "version": "1.58.2",
      "resolved": "https://registry.npm.wps.cn/playwright-core/download/playwright-core-1.58.2.tgz",
      "integrity": "sha1-rF9bSxDSm8+TRBXwuNEzs0sNyxM=",
      "license": "Apache-2.0",
      "bin": {
        "playwright-core": "cli.js"
      },
      "engines": {
        "node": ">=18"
      }
    },
    "node_modules/pngjs": {
      "version": "7.0.0",
      "resolved": "https://registry.npm.wps.cn/pngjs/download/pngjs-7.0.0.tgz",
      "integrity": "sha1-qLdEYCDrvGrHOdtsVBWmXRcJDiY=",
      "license": "MIT",
      "engines": {
        "node": ">=14.19.0"
      }
    },
    "node_modules/w3x-parser": {
      "version": "2.0.0",
      "resolved": "https://registry.npmjs.org/w3x-parser/-/w3x-parser-2.0.0.tgz",
      "integrity": "sha512-N4KAt+NM7KUv7sb7q0cYbffMQoeSeduQUDfPy0woN7Os8voM8bHs4+FaPPPmsXIsAF76z2gArNo4ZE4PJq4flg==",
      "license": "MIT"
    },
    "node_modules/war3-model": {
      "version": "4.0.0",
      "resolved": "https://registry.npmjs.org/war3-model/-/war3-model-4.0.0.tgz",
      "integrity": "sha512-2zgDE9bDiZi859KUOkypV8bsE+ScunZeybkLBjjDHiGRT6RDXw2HYZZQJhJ0eSTjPCfZrgyQrgl7k4oem8eE5g==",
      "license": "MIT",
      "dependencies": {
        "@webgpu/types": "0.1.60",
        "gl-matrix": "3.3.0"
      },
      "engines": {
        "node": ">=4.0.0"
      }
    }
  }
}
